// !$*UTF8*$!
{
	archiveVersion = 1;
	classes = {
	};
	objectVersion = 46;
	objects = {

/* Begin PBXBuildFile section */
		FF7645DE19E1130D00C003F7 /* AppDelegate.swift in Sources */ = {isa = PBXBuildFile; fileRef = FF7645DD19E1130D00C003F7 /* AppDelegate.swift */; };
		FF7645E019E1130D00C003F7 /* ViewController.swift in Sources */ = {isa = PBXBuildFile; fileRef = FF7645DF19E1130D00C003F7 /* ViewController.swift */; };
		FF7645E319E1130D00C003F7 /* Main.storyboard in Resources */ = {isa = PBXBuildFile; fileRef = FF7645E119E1130D00C003F7 /* Main.storyboard */; };
		FF7645E519E1130D00C003F7 /* Images.xcassets in Resources */ = {isa = PBXBuildFile; fileRef = FF7645E419E1130D00C003F7 /* Images.xcassets */; };
		FF7645E819E1130D00C003F7 /* LaunchScreen.xib in Resources */ = {isa = PBXBuildFile; fileRef = FF7645E619E1130D00C003F7 /* LaunchScreen.xib */; };
		FF7645F419E1130D00C003F7 /* Facebook_TransitionTests.swift in Sources */ = {isa = PBXBuildFile; fileRef = FF7645F319E1130D00C003F7 /* Facebook_TransitionTests.swift */; };
/* End PBXBuildFile section */

/* Begin PBXContainerItemProxy section */
		FF7645EE19E1130D00C003F7 /* PBXContainerItemProxy */ = {
			isa = PBXContainerItemProxy;
			containerPortal = FF7645D019E1130D00C003F7 /* Project object */;
			proxyType = 1;
			remoteGlobalIDString = FF7645D719E1130D00C003F7;
			remoteInfo = "Facebook-Transition";
		};
/* End PBXContainerItemProxy section */

/* Begin PBXFileReference section */
		FF7645D819E1130D00C003F7 /* Facebook-Transition.app */ = {isa = PBXFileReference; explicitFileType = wrapper.application; includeInIndex = 0; path = "Facebook-Transition.app"; sourceTree = BUILT_PRODUCTS_DIR; };
		FF7645DC19E1130D00C003F7 /* Info.plist */ = {isa = PBXFileReference; lastKnownFileType = text.plist.xml; path = Info.plist; sourceTree = "<group>"; };
		FF7645DD19E1130D00C003F7 /* AppDelegate.swift */ = {isa = PBXFileReference; lastKnownFileType = sourcecode.swift; path = AppDelegate.swift; sourceTree = "<group>"; };
		FF7645DF19E1130D00C003F7 /* ViewController.swift */ = {isa = PBXFileReference; lastKnownFileType = sourcecode.swift; path = ViewController.swift; sourceTree = "<group>"; };
		FF7645E219E1130D00C003F7 /* Base */ = {isa = PBXFileReference; lastKnownFileType = file.storyboard; name = Base; path = Base.lproj/Main.storyboard; sourceTree = "<group>"; };
		FF7645E419E1130D00C003F7 /* Images.xcassets */ = {isa = PBXFileReference; lastKnownFileType = folder.assetcatalog; path = Images.xcassets; sourceTree = "<group>"; };
		FF7645E719E1130D00C003F7 /* Base */ = {isa = PBXFileReference; lastKnownFileType = file.xib; name = Base; path = Base.lproj/LaunchScreen.xib; sourceTree = "<group>"; };
		FF7645ED19E1130D00C003F7 /* Facebook-TransitionTests.xctest */ = {isa = PBXFileReference; explicitFileType = wrapper.cfbundle; includeInIndex = 0; path = "Facebook-TransitionTests.xctest"; sourceTree = BUILT_PRODUCTS_DIR; };
		FF7645F219E1130D00C003F7 /* Info.plist */ = {isa = PBXFileReference; lastKnownFileType = text.plist.xml; path = Info.plist; sourceTree = "<group>"; };
		FF7645F319E1130D00C003F7 /* Facebook_TransitionTests.swift */ = {isa = PBXFileReference; lastKnownFileType = sourcecode.swift; path = Facebook_TransitionTests.swift; sourceTree = "<group>"; };
/* End PBXFileReference section */

/* Begin PBXFrameworksBuildPhase section */
		FF7645D519E1130D00C003F7 /* Frameworks */ = {
			isa = PBXFrameworksBuildPhase;
			buildActionMask = 2147483647;
			files = (
			);
			runOnlyForDeploymentPostprocessing = 0;
		};
		FF7645EA19E1130D00C003F7 /* Frameworks */ = {
			isa = PBXFrameworksBuildPhase;
			buildActionMask = 2147483647;
			files = (
			);
			runOnlyForDeploymentPostprocessing = 0;
		};
/* End PBXFrameworksBuildPhase section */

/* Begin PBXGroup section */
		FF7645CF19E1130D00C003F7 = {
			isa = PBXGroup;
			children = (
				FF7645DA19E1130D00C003F7 /* Facebook-Transition */,
				FF7645F019E1130D00C003F7 /* Facebook-TransitionTests */,
				FF7645D919E1130D00C003F7 /* Products */,
			);
			sourceTree = "<group>";
		};
		FF7645D919E1130D00C003F7 /* Products */ = {
			isa = PBXGroup;
			children = (
				FF7645D819E1130D00C003F7 /* Facebook-Transition.app */,
				FF7645ED19E1130D00C003F7 /* Facebook-TransitionTests.xctest */,
			);
			name = Products;
			sourceTree = "<group>";
		};
		FF7645DA19E1130D00C003F7 /* Facebook-Transition */ = {
			isa = PBXGroup;
			children = (
				FF7645DD19E1130D00C003F7 /* AppDelegate.swift */,
				FF7645DF19E1130D00C003F7 /* ViewController.swift */,
				FF7645E119E1130D00C003F7 /* Main.storyboard */,
				FF7645E419E1130D00C003F7 /* Images.xcassets */,
				FF7645E619E1130D00C003F7 /* LaunchScreen.xib */,
				FF7645DB19E1130D00C003F7 /* Supporting Files */,
			);
			path = "Facebook-Transition";
			sourceTree = "<group>";
		};
		FF7645DB19E1130D00C003F7 /* Supporting Files */ = {
			isa = PBXGroup;
			children = (
				FF7645DC19E1130D00C003F7 /* Info.plist */,
			);
			name = "Supporting Files";
			sourceTree = "<group>";
		};
		FF7645F019E1130D00C003F7 /* Facebook-TransitionTests */ = {
			isa = PBXGroup;
			children = (
				FF7645F319E1130D00C003F7 /* Facebook_TransitionTests.swift */,
				FF7645F119E1130D00C003F7 /* Supporting Files */,
			);
			path = "Facebook-TransitionTests";
			sourceTree = "<group>";
		};
		FF7645F119E1130D00C003F7 /* Supporting Files */ = {
			isa = PBXGroup;
			children = (
				FF7645F219E1130D00C003F7 /* Info.plist */,
			);
			name = "Supporting Files";
			sourceTree = "<group>";
		};
/* End PBXGroup section */

/* Begin PBXNativeTarget section */
		FF7645D719E1130D00C003F7 /* Facebook-Transition */ = {
			isa = PBXNativeTarget;
			buildConfigurationList = FF7645F719E1130D00C003F7 /* Build configuration list for PBXNativeTarget "Facebook-Transition" */;
			buildPhases = (
				FF7645D419E1130D00C003F7 /* Sources */,
				FF7645D519E1130D00C003F7 /* Frameworks */,
				FF7645D619E1130D00C003F7 /* Resources */,
			);
			buildRules = (
			);
			dependencies = (
			);
			name = "Facebook-Transition";
			productName = "Facebook-Transition";
			productReference = FF7645D819E1130D00C003F7 /* Facebook-Transition.app */;
			productType = "com.apple.product-type.application";
		};
		FF7645EC19E1130D00C003F7 /* Facebook-TransitionTests */ = {
			isa = PBXNativeTarget;
			buildConfigurationList = FF7645FA19E1130D00C003F7 /* Build configuration list for PBXNativeTarget "Facebook-TransitionTests" */;
			buildPhases = (
				FF7645E919E1130D00C003F7 /* Sources */,
				FF7645EA19E1130D00C003F7 /* Frameworks */,
				FF7645EB19E1130D00C003F7 /* Resources */,
			);
			buildRules = (
			);
			dependencies = (
				FF7645EF19E1130D00C003F7 /* PBXTargetDependency */,
			);
			name = "Facebook-TransitionTests";
			productName = "Facebook-TransitionTests";
			productReference = FF7645ED19E1130D00C003F7 /* Facebook-TransitionTests.xctest */;
			productType = "com.apple.product-type.bundle.unit-test";
		};
/* End PBXNativeTarget section */

/* Begin PBXProject section */
		FF7645D019E1130D00C003F7 /* Project object */ = {
			isa = PBXProject;
			attributes = {
				LastUpgradeCheck = 0600;
				ORGANIZATIONNAME = "Loredana Crisan";
				TargetAttributes = {
					FF7645D719E1130D00C003F7 = {
						CreatedOnToolsVersion = 6.0;
					};
					FF7645EC19E1130D00C003F7 = {
						CreatedOnToolsVersion = 6.0;
						TestTargetID = FF7645D719E1130D00C003F7;
					};
				};
			};
			buildConfigurationList = FF7645D319E1130D00C003F7 /* Build configuration list for PBXProject "Facebook-Transition" */;
			compatibilityVersion = "Xcode 3.2";
			developmentRegion = English;
			hasScannedForEncodings = 0;
			knownRegions = (
				en,
				Base,
			);
			mainGroup = FF7645CF19E1130D00C003F7;
			productRefGroup = FF7645D919E1130D00C003F7 /* Products */;
			projectDirPath = "";
			projectRoot = "";
			targets = (
				FF7645D719E1130D00C003F7 /* Facebook-Transition */,
				FF7645EC19E1130D00C003F7 /* Facebook-TransitionTests */,
			);
		};
/* End PBXProject section */

/* Begin PBXResourcesBuildPhase section */
		FF7645D619E1130D00C003F7 /* Resources */ = {
			isa = PBXResourcesBuildPhase;
			buildActionMask = 2147483647;
			files = (
				FF7645E319E1130D00C003F7 /* Main.storyboard in Resources */,
				FF7645E819E1130D00C003F7 /* LaunchScreen.xib in Resources */,
				FF7645E519E1130D00C003F7 /* Images.xcassets in Resources */,
			);
			runOnlyForDeploymentPostprocessing = 0;
		};
		FF7645EB19E1130D00C003F7 /* Resources */ = {
			isa = PBXResourcesBuildPhase;
			buildActionMask = 2147483647;
			files = (
			);
			runOnlyForDeploymentPostprocessing = 0;
		};
/* End PBXResourcesBuildPhase section */

/* Begin PBXSourcesBuildPhase section */
		FF7645D419E1130D00C003F7 /* Sources */ = {
			isa = PBXSourcesBuildPhase;
			buildActionMask = 2147483647;
			files = (
				FF7645E019E1130D00C003F7 /* ViewController.swift in Sources */,
				FF7645DE19E1130D00C003F7 /* AppDelegate.swift in Sources */,
			);
			runOnlyForDeploymentPostprocessing = 0;
		};
		FF7645E919E1130D00C003F7 /* Sources */ = {
			isa = PBXSourcesBuildPhase;
			buildActionMask = 2147483647;
			files = (
				FF7645F419E1130D00C003F7 /* Facebook_TransitionTests.swift in Sources */,
			);
			runOnlyForDeploymentPostprocessing = 0;
		};
/* End PBXSourcesBuildPhase section */

/* Begin PBXTargetDependency section */
		FF7645EF19E1130D00C003F7 /* PBXTargetDependency */ = {
			isa = PBXTargetDependency;
			target = FF7645D719E1130D00C003F7 /* Facebook-Transition */;
			targetProxy = FF7645EE19E1130D00C003F7 /* PBXContainerItemProxy */;
		};
/* End PBXTargetDependency section */

/* Begin PBXVariantGroup section */
		FF7645E119E1130D00C003F7 /* Main.storyboard */ = {
			isa = PBXVariantGroup;
			children = (
				FF7645E219E1130D00C003F7 /* Base */,
			);
			name = Main.storyboard;
			sourceTree = "<group>";
		};
		FF7645E619E1130D00C003F7 /* LaunchScreen.xib */ = {
			isa = PBXVariantGroup;
			children = (
				FF7645E719E1130D00C003F7 /* Base */,
			);
			name = LaunchScreen.xib;
			sourceTree = "<group>";
		};
/* End PBXVariantGroup section */

/* Begin XCBuildConfiguration section */
		FF7645F519E1130D00C003F7 /* Debug */ = {
			isa = XCBuildConfiguration;
			buildSettings = {
				ALWAYS_SEARCH_USER_PATHS = NO;
				CLANG_CXX_LANGUAGE_STANDARD = "gnu++0x";
				CLANG_CXX_LIBRARY = "libc++";
				CLANG_ENABLE_MODULES = YES;
				CLANG_ENABLE_OBJC_ARC = YES;
				CLANG_WARN_BOOL_CONVERSION = YES;
				CLANG_WARN_CONSTANT_CONVERSION = YES;
				CLANG_WARN_DIRECT_OBJC_ISA_USAGE = YES_ERROR;
				CLANG_WARN_EMPTY_BODY = YES;
				CLANG_WARN_ENUM_CONVERSION = YES;
				CLANG_WARN_INT_CONVERSION = YES;
				CLANG_WARN_OBJC_ROOT_CLASS = YES_ERROR;
				CLANG_WARN_UNREACHABLE_CODE = YES;
				CLANG_WARN__DUPLICATE_METHOD_MATCH = YES;
				"CODE_SIGN_IDENTITY[sdk=iphoneos*]" = "iPhone Developer";
				COPY_PHASE_STRIP = NO;
				ENABLE_STRICT_OBJC_MSGSEND = YES;
				GCC_C_LANGUAGE_STANDARD = gnu99;
				GCC_DYNAMIC_NO_PIC = NO;
				GCC_OPTIMIZATION_LEVEL = 0;
				GCC_PREPROCESSOR_DEFINITIONS = (
					"DEBUG=1",
					"$(inherited)",
				);
				GCC_SYMBOLS_PRIVATE_EXTERN = NO;
				GCC_WARN_64_TO_32_BIT_CONVERSION = YES;
				GCC_WARN_ABOUT_RETURN_TYPE = YES_ERROR;
				GCC_WARN_UNDECLARED_SELECTOR = YES;
				GCC_WARN_UNINITIALIZED_AUTOS = YES_AGGRESSIVE;
				GCC_WARN_UNUSED_FUNCTION = YES;
				GCC_WARN_UNUSED_VARIABLE = YES;
				IPHONEOS_DEPLOYMENT_TARGET = 8.0;
				MTL_ENABLE_DEBUG_INFO = YES;
				ONLY_ACTIVE_ARCH = YES;
				SDKROOT = iphoneos;
				SWIFT_OPTIMIZATION_LEVEL = "-Onone";
			};
			name = Debug;
		};
		FF7645F619E1130D00C003F7 /* Release */ = {
			isa = XCBuildConfiguration;
			buildSettings = {
				ALWAYS_SEARCH_USER_PATHS = NO;
				CLANG_CXX_LANGUAGE_STANDARD = "gnu++0x";
				CLANG_CXX_LIBRARY = "libc++";
				CLANG_ENABLE_MODULES = YES;
				CLANG_ENABLE_OBJC_ARC = YES;
				CLANG_WARN_BOOL_CONVERSION = YES;
				CLANG_WARN_CONSTANT_CONVERSION = YES;
				CLANG_WARN_DIRECT_OBJC_ISA_USAGE = YES_ERROR;
				CLANG_WARN_EMPTY_BODY = YES;
				CLANG_WARN_ENUM_CONVERSION = YES;
				CLANG_WARN_INT_CONVERSION = YES;
				CLANG_WARN_OBJC_ROOT_CLASS = YES_ERROR;
				CLANG_WARN_UNREACHABLE_CODE = YES;
				CLANG_WARN__DUPLICATE_METHOD_MATCH = YES;
				"CODE_SIGN_IDENTITY[sdk=iphoneos*]" = "iPhone Developer";
				COPY_PHASE_STRIP = YES;
				ENABLE_NS_ASSERTIONS = NO;
				ENABLE_STRICT_OBJC_MSGSEND = YES;
				GCC_C_LANGUAGE_STANDARD = gnu99;
				GCC_WARN_64_TO_32_BIT_CONVERSION = YES;
				GCC_WARN_ABOUT_RETURN_TYPE = YES_ERROR;
				GCC_WARN_UNDECLARED_SELECTOR = YES;
				GCC_WARN_UNINITIALIZED_AUTOS = YES_AGGRESSIVE;
				GCC_WARN_UNUSED_FUNCTION = YES;
				GCC_WARN_UNUSED_VARIABLE = YES;
				IPHONEOS_DEPLOYMENT_TARGET = 8.0;
				MTL_ENABLE_DEBUG_INFO = NO;
				SDKROOT = iphoneos;
				VALIDATE_PRODUCT = YES;
			};
			name = Release;
		};
		FF7645F819E1130D00C003F7 /* Debug */ = {
			isa = XCBuildConfiguration;
			buildSettings = {
				ASSETCATALOG_COMPILER_APPICON_NAME = AppIcon;
				INFOPLIST_FILE = "Facebook-Transition/Info.plist";
				LD_RUNPATH_SEARCH_PATHS = "$(inherited) @executable_path/Frameworks";
				PRODUCT_NAME = "$(TARGET_NAME)";
			};
			name = Debug;
		};
		FF7645F919E1130D00C003F7 /* Release */ = {
			isa = XCBuildConfiguration;
			buildSettings = {
				ASSETCATALOG_COMPILER_APPICON_NAME = AppIcon;
				INFOPLIST_FILE = "Facebook-Transition/Info.plist";
				LD_RUNPATH_SEARCH_PATHS = "$(inherited) @executable_path/Frameworks";
				PRODUCT_NAME = "$(TARGET_NAME)";
			};
			name = Release;
		};
		FF7645FB19E1130D00C003F7 /* Debug */ = {
			isa = XCBuildConfiguration;
			buildSettings = {
				BUNDLE_LOADER = "$(TEST_HOST)";
				FRAMEWORK_SEARCH_PATHS = (
					"$(SDKROOT)/Developer/Library/Frameworks",
					"$(inherited)",
				);
				GCC_PREPROCESSOR_DEFINITIONS = (
					"DEBUG=1",
					"$(inherited)",
				);
				INFOPLIST_FILE = "Facebook-TransitionTests/Info.plist";
				LD_RUNPATH_SEARCH_PATHS = "$(inherited) @executable_path/Frameworks @loader_path/Frameworks";
				PRODUCT_NAME = "$(TARGET_NAME)";
				TEST_HOST = "$(BUILT_PRODUCTS_DIR)/Facebook-Transition.app/Facebook-Transition";
			};
			name = Debug;
		};
		FF7645FC19E1130D00C003F7 /* Release */ = {
			isa = XCBuildConfiguration;
			buildSettings = {
				BUNDLE_LOADER = "$(TEST_HOST)";
				FRAMEWORK_SEARCH_PATHS = (
					"$(SDKROOT)/Developer/Library/Frameworks",
					"$(inherited)",
				);
				INFOPLIST_FILE = "Facebook-TransitionTests/Info.plist";
				LD_RUNPATH_SEARCH_PATHS = "$(inherited) @executable_path/Frameworks @loader_path/Frameworks";
				PRODUCT_NAME = "$(TARGET_NAME)";
				TEST_HOST = "$(BUILT_PRODUCTS_DIR)/Facebook-Transition.app/Facebook-Transition";
			};
			name = Release;
		};
/* End XCBuildConfiguration section */

/* Begin XCConfigurationList section */
		FF7645D319E1130D00C003F7 /* Build configuration list for PBXProject "Facebook-Transition" */ = {
			isa = XCConfigurationList;
			buildConfigurations = (
				FF7645F519E1130D00C003F7 /* Debug */,
				FF7645F619E1130D00C003F7 /* Release */,
			);
			defaultConfigurationIsVisible = 0;
			defaultConfigurationName = Release;
		};
		FF7645F719E1130D00C003F7 /* Build configuration list for PBXNativeTarget "Facebook-Transition" */ = {
			isa = XCConfigurationList;
			buildConfigurations = (
				FF7645F819E1130D00C003F7 /* Debug */,
				FF7645F919E1130D00C003F7 /* Release */,
			);
			defaultConfigurationIsVisible = 0;
		};
		FF7645FA19E1130D00C003F7 /* Build configuration list for PBXNativeTarget "Facebook-TransitionTests" */ = {
			isa = XCConfigurationList;
			buildConfigurations = (
				FF7645FB19E1130D00C003F7 /* Debug */,
				FF7645FC19E1130D00C003F7 /* Release */,
			);
			defaultConfigurationIsVisible = 0;
		};
/* End XCConfigurationList section */
	};
	rootObject = FF7645D019E1130D00C003F7 /* Project object */;
}
